{
  "name": "kotlinx-nodejs-sources",
  "version": "0.0.0",
  "lockfileVersion": 1,
  "requires": true,
  "dependencies": {
    "@types/node": {
      "version": "13.13.15",
      "resolved": "https://registry.npmjs.org/@types/node/-/node-13.13.15.tgz",
      "integrity": "sha512-kwbcs0jySLxzLsa2nWUAGOd/s21WU1jebrEdtzhsj1D4Yps1EOuyI1Qcu+FD56dL7NRNIJtDDjcqIG22NwkgLw=="
    }
  }
}
